{
  "requires": true,
  "lockfileVersion": 1,
  "dependencies": {
    "iflow-jquery": {
      "version": "1.2.4",
      "resolved": "https://registry.npmjs.org/iflow-jquery/-/iflow-jquery-1.2.4.tgz",
      "integrity": "sha1-yw2wv/wI0/KgEMOoAh9Z44gxgUc=",
      "dev": true
    },
    "jquery": {
      "version": "3.3.1",
      "resolved": "https://registry.npmjs.org/jquery/-/jquery-3.3.1.tgz",
      "integrity": "sha512-Ubldcmxp5np52/ENotGxlLe6aGMvmF4R8S6tZjsP6Knsaxd/xp3Zrh50cG93lR6nPXyUFwzN3ZSOQI0wRJNdGg=="
    }
  }
}
